
Microsoft Visual Studio Solution File, Format Version 12.00
# Visual Studio 15
VisualStudioVersion = 15.0.27703.2035
MinimumVisualStudioVersion = 10.0.40219.1
Project("{9A19103F-16F7-4668-BE54-9A1E7A4F7556}") = "HCBot", "src\HCBot.csproj", "{2D7C479F-925B-446E-91AA-808659BDE09B}"
EndProject
Global
	GlobalSection(SolutionConfigurationPlatforms) = preSolution
		Debug|Any CPU = Debug|Any CPU
		Release|Any CPU = Release|Any CPU
	EndGlobalSection
	GlobalSection(ProjectConfigurationPlatforms) = postSolution
		{2D7C479F-925B-446E-91AA-808659BDE09B}.Debug|Any CPU.ActiveCfg = Debug|Any CPU
		{2D7C479F-925B-446E-91AA-808659BDE09B}.Debug|Any CPU.Build.0 = Debug|Any CPU
		{2D7C479F-925B-446E-91AA-808659BDE09B}.Release|Any CPU.ActiveCfg = Release|Any CPU
		{2D7C479F-925B-446E-91AA-808659BDE09B}.Release|Any CPU.Build.0 = Release|Any CPU
	EndGlobalSection
	GlobalSection(SolutionProperties) = preSolution
		HideSolutionNode = FALSE
	EndGlobalSection
	GlobalSection(ExtensibilityGlobals) = postSolution
		SolutionGuid = {F01C38AD-3F66-4F8E-B71A-C3EF2B1B6B2F}
	EndGlobalSection
EndGlobal
